
Microsoft Visual Studio Solution File, Format Version 12.00
# Visual Studio Version 16
VisualStudioVersion = 16.0.31112.23
MinimumVisualStudioVersion = 10.0.40219.1
Project("{FAE04EC0-301F-11D3-BF4B-00C04F79EFBC}") = "WPF_Exercise_1", "WPF_Exercise_1\WPF_Exercise_1.csproj", "{538F399E-D40D-4075-972A-DE18EA670E6B}"
EndProject
Global
	GlobalSection(SolutionConfigurationPlatforms) = preSolution
		Debug|Any CPU = Debug|Any CPU
		Release|Any CPU = Release|Any CPU
	EndGlobalSection
	GlobalSection(ProjectConfigurationPlatforms) = postSolution
		{538F399E-D40D-4075-972A-DE18EA670E6B}.Debug|Any CPU.ActiveCfg = Debug|Any CPU
		{538F399E-D40D-4075-972A-DE18EA670E6B}.Debug|Any CPU.Build.0 = Debug|Any CPU
		{538F399E-D40D-4075-972A-DE18EA670E6B}.Release|Any CPU.ActiveCfg = Release|Any CPU
		{538F399E-D40D-4075-972A-DE18EA670E6B}.Release|Any CPU.Build.0 = Release|Any CPU
	EndGlobalSection
	GlobalSection(SolutionProperties) = preSolution
		HideSolutionNode = FALSE
	EndGlobalSection
	GlobalSection(ExtensibilityGlobals) = postSolution
		SolutionGuid = {91133C84-39E7-4C7E-B106-6CDB2145015B}
	EndGlobalSection
EndGlobal
